{
  "name": "@sebastienrousseau/config",
  "version": "0.0.2",
  "lockfileVersion": 3,
  "requires": true,
  "packages": {
    "": {
      "name": "@sebastienrousseau/config",
      "version": "0.0.2",
      "license": "ISC",
      "dependencies": {
        "@sebastienrousseau/biome-config": "file:../biome-config",
        "@sebastienrousseau/browserslist-config": "file:../browserslist-config",
        "@sebastienrousseau/c8-config": "file:../c8-config",
        "@sebastienrousseau/commitlint-config": "file:../commitlint-config",
        "@sebastienrousseau/docker-config": "file:../docker-config",
        "@sebastienrousseau/eslint-config": "file:../eslint-config",
        "@sebastienrousseau/jsdoc-config": "file:../jsdoc-config",
        "@sebastienrousseau/knip-config": "file:../knip-config",
        "@sebastienrousseau/lefthook-config": "file:../lefthook-config",
        "@sebastienrousseau/markdownlint-config": "file:../markdownlint-config",
        "@sebastienrousseau/mocha-config": "file:../mocha-config",
        "@sebastienrousseau/oxlint-config": "file:../oxlint-config",
        "@sebastienrousseau/playwright-config": "file:../playwright-config",
        "@sebastienrousseau/prettier-config": "file:../prettier-config",
        "@sebastienrousseau/remark-config": "file:../remark-config",
        "@sebastienrousseau/semantic-release-config": "file:../semantic-release-config",
        "@sebastienrousseau/size-limit-config": "file:../size-limit-config",
        "@sebastienrousseau/stylelint-config": "file:../stylelint-config",
        "@sebastienrousseau/tailwindcss-config": "file:../tailwindcss-config",
        "@sebastienrousseau/tsconfig-config": "file:../tsconfig-config",
        "@sebastienrousseau/vitest-config": "file:../vitest-config"
      }
    },
    "../biome-config": {
      "name": "@sebastienrousseau/biome-config",
      "version": "0.0.2",
      "license": "ISC"
    },
    "../browserslist-config": {
      "name": "@sebastienrousseau/browserslist-config",
      "version": "0.0.2",
      "license": "ISC",
      "devDependencies": {
        "browserslist": "^4.23.0"
      },
      "peerDependencies": {
        "browserslist": ">=4.0.0"
      }
    },
    "../c8-config": {
      "name": "@sebastienrousseau/c8-config",
      "version": "0.0.2",
      "license": "ISC",
      "devDependencies": {
        "c8": "^12.0.0"
      },
      "peerDependencies": {
        "c8": ">=8.0.0"
      }
    },
    "../commitlint-config": {
      "name": "@sebastienrousseau/commitlint-config",
      "version": "0.0.2",
      "license": "ISC",
      "devDependencies": {
        "@commitlint/cli": "^21.2.1",
        "@commitlint/config-conventional": "^21.2.0"
      },
      "peerDependencies": {
        "@commitlint/cli": ">=18.0.0"
      }
    },
    "../docker-config": {
      "name": "@sebastienrousseau/docker-config",
      "version": "0.0.2",
      "license": "ISC"
    },
    "../eslint-config": {
      "name": "@sebastienrousseau/eslint-config",
      "version": "0.0.2",
      "license": "ISC",
      "devDependencies": {
        "eslint": "^10.8.0"
      },
      "peerDependencies": {
        "eslint": ">=8.0.0"
      }
    },
    "../jsdoc-config": {
      "name": "@sebastienrousseau/jsdoc-config",
      "version": "0.0.2",
      "license": "ISC",
      "devDependencies": {
        "jsdoc": "^4.0.0"
      },
      "peerDependencies": {
        "jsdoc": ">=4.0.0"
      }
    },
    "../knip-config": {
      "name": "@sebastienrousseau/knip-config",
      "version": "0.0.2",
      "license": "ISC",
      "devDependencies": {
        "knip": "^6.31.0"
      },
      "peerDependencies": {
        "knip": ">=5.0.0"
      }
    },
    "../lefthook-config": {
      "name": "@sebastienrousseau/lefthook-config",
      "version": "0.0.2",
      "license": "ISC"
    },
    "../markdownlint-config": {
      "name": "@sebastienrousseau/markdownlint-config",
      "version": "0.0.2",
      "license": "ISC",
      "devDependencies": {
        "markdownlint": "^0.41.1"
      },
      "peerDependencies": {
        "markdownlint": ">=0.25.0"
      }
    },
    "../mocha-config": {
      "name": "@sebastienrousseau/mocha-config",
      "version": "0.0.2",
      "license": "ISC",
      "devDependencies": {
        "mocha": "^11.7.6"
      },
      "peerDependencies": {
        "mocha": ">=10.0.0"
      }
    },
    "../oxlint-config": {
      "name": "@sebastienrousseau/oxlint-config",
      "version": "0.0.2",
      "license": "ISC"
    },
    "../playwright-config": {
      "name": "@sebastienrousseau/playwright-config",
      "version": "0.0.2",
      "license": "ISC"
    },
    "../prettier-config": {
      "name": "@sebastienrousseau/prettier-config",
      "version": "0.0.2",
      "license": "ISC",
      "devDependencies": {
        "prettier": "^3.2.0"
      },
      "peerDependencies": {
        "prettier": ">=3.0.0"
      }
    },
    "../remark-config": {
      "name": "@sebastienrousseau/remark-config",
      "version": "0.0.2",
      "license": "ISC",
      "devDependencies": {
        "remark-cli": "^12.0.0",
        "remark-gfm": "^4.0.0",
        "remark-preset-lint-consistent": "^6.0.0",
        "remark-preset-lint-markdown-style-guide": "^6.0.0",
        "remark-preset-lint-recommended": "^7.0.0"
      },
      "peerDependencies": {
        "remark-cli": ">=10.0.0"
      }
    },
    "../semantic-release-config": {
      "name": "@sebastienrousseau/semantic-release-config",
      "version": "0.0.2",
      "license": "ISC",
      "devDependencies": {
        "semantic-release": "^25.0.8"
      },
      "peerDependencies": {
        "semantic-release": ">=23.0.0"
      }
    },
    "../size-limit-config": {
      "name": "@sebastienrousseau/size-limit-config",
      "version": "0.0.2",
      "license": "ISC"
    },
    "../stylelint-config": {
      "name": "@sebastienrousseau/stylelint-config",
      "version": "0.0.2",
      "license": "ISC",
      "devDependencies": {
        "stylelint": "^17.14.1",
        "stylelint-config-standard": "^40.0.0"
      },
      "peerDependencies": {
        "stylelint": ">=16.0.0"
      }
    },
    "../tailwindcss-config": {
      "name": "@sebastienrousseau/tailwindcss-config",
      "version": "0.0.2",
      "license": "ISC"
    },
    "../tsconfig-config": {
      "name": "@sebastienrousseau/tsconfig-config",
      "version": "0.0.2",
      "license": "ISC",
      "devDependencies": {
        "typescript": "^7.0.2"
      },
      "peerDependencies": {
        "typescript": ">=5.0.0"
      }
    },
    "../vitest-config": {
      "name": "@sebastienrousseau/vitest-config",
      "version": "0.0.2",
      "license": "ISC",
      "devDependencies": {
        "vitest": "^4.1.10"
      },
      "peerDependencies": {
        "vitest": ">=1.0.0"
      }
    },
    "node_modules/@sebastienrousseau/biome-config": {
      "resolved": "../biome-config",
      "link": true
    },
    "node_modules/@sebastienrousseau/browserslist-config": {
      "resolved": "../browserslist-config",
      "link": true
    },
    "node_modules/@sebastienrousseau/c8-config": {
      "resolved": "../c8-config",
      "link": true
    },
    "node_modules/@sebastienrousseau/commitlint-config": {
      "resolved": "../commitlint-config",
      "link": true
    },
    "node_modules/@sebastienrousseau/docker-config": {
      "resolved": "../docker-config",
      "link": true
    },
    "node_modules/@sebastienrousseau/eslint-config": {
      "resolved": "../eslint-config",
      "link": true
    },
    "node_modules/@sebastienrousseau/jsdoc-config": {
      "resolved": "../jsdoc-config",
      "link": true
    },
    "node_modules/@sebastienrousseau/knip-config": {
      "resolved": "../knip-config",
      "link": true
    },
    "node_modules/@sebastienrousseau/lefthook-config": {
      "resolved": "../lefthook-config",
      "link": true
    },
    "node_modules/@sebastienrousseau/markdownlint-config": {
      "resolved": "../markdownlint-config",
      "link": true
    },
    "node_modules/@sebastienrousseau/mocha-config": {
      "resolved": "../mocha-config",
      "link": true
    },
    "node_modules/@sebastienrousseau/oxlint-config": {
      "resolved": "../oxlint-config",
      "link": true
    },
    "node_modules/@sebastienrousseau/playwright-config": {
      "resolved": "../playwright-config",
      "link": true
    },
    "node_modules/@sebastienrousseau/prettier-config": {
      "resolved": "../prettier-config",
      "link": true
    },
    "node_modules/@sebastienrousseau/remark-config": {
      "resolved": "../remark-config",
      "link": true
    },
    "node_modules/@sebastienrousseau/semantic-release-config": {
      "resolved": "../semantic-release-config",
      "link": true
    },
    "node_modules/@sebastienrousseau/size-limit-config": {
      "resolved": "../size-limit-config",
      "link": true
    },
    "node_modules/@sebastienrousseau/stylelint-config": {
      "resolved": "../stylelint-config",
      "link": true
    },
    "node_modules/@sebastienrousseau/tailwindcss-config": {
      "resolved": "../tailwindcss-config",
      "link": true
    },
    "node_modules/@sebastienrousseau/tsconfig-config": {
      "resolved": "../tsconfig-config",
      "link": true
    },
    "node_modules/@sebastienrousseau/vitest-config": {
      "resolved": "../vitest-config",
      "link": true
    }
  }
}
