{
  "name": "@sebastienrousseau/config",
  "version": "1.0.0",
  "lockfileVersion": 3,
  "requires": true,
  "packages": {
    "": {
      "name": "@sebastienrousseau/config",
      "version": "1.0.0",
      "license": "ISC",
      "dependencies": {
        "@sebastienrousseau/browserslist-config": "file:../browserslist-config",
        "@sebastienrousseau/c8-config": "file:../c8-config",
        "@sebastienrousseau/commitlint-config": "file:../commitlint-config",
        "@sebastienrousseau/eslint-config": "file:../eslint-config",
        "@sebastienrousseau/jsdoc-config": "file:../jsdoc-config",
        "@sebastienrousseau/knip-config": "file:../knip-config",
        "@sebastienrousseau/markdownlint-config": "file:../markdownlint-config",
        "@sebastienrousseau/mocha-config": "file:../mocha-config",
        "@sebastienrousseau/prettier-config": "file:../prettier-config",
        "@sebastienrousseau/remark-config": "file:../remark-config",
        "@sebastienrousseau/semantic-release-config": "file:../semantic-release-config",
        "@sebastienrousseau/stylelint-config": "file:../stylelint-config",
        "@sebastienrousseau/tsconfig-config": "file:../tsconfig-config",
        "@sebastienrousseau/vitest-config": "file:../vitest-config"
      }
    },
    "../browserslist-config": {
      "name": "@sebastienrousseau/browserslist-config",
      "version": "1.0.0",
      "license": "ISC",
      "devDependencies": {
        "browserslist": "^4.23.0"
      },
      "peerDependencies": {
        "browserslist": ">=4.0.0"
      }
    },
    "../c8-config": {
      "name": "@sebastienrousseau/c8-config",
      "version": "1.0.0",
      "license": "ISC",
      "devDependencies": {
        "c8": "^9.0.0"
      },
      "peerDependencies": {
        "c8": ">=8.0.0"
      }
    },
    "../commitlint-config": {
      "name": "@sebastienrousseau/commitlint-config",
      "version": "1.0.0",
      "license": "ISC",
      "devDependencies": {
        "@commitlint/cli": "^19.0.0",
        "@commitlint/config-conventional": "^19.0.0"
      },
      "peerDependencies": {
        "@commitlint/cli": ">=18.0.0"
      }
    },
    "../eslint-config": {
      "name": "@sebastienrousseau/eslint-config",
      "version": "1.0.0",
      "license": "ISC",
      "devDependencies": {
        "eslint": "^9.0.0"
      },
      "peerDependencies": {
        "eslint": ">=8.0.0"
      }
    },
    "../jsdoc-config": {
      "name": "@sebastienrousseau/jsdoc-config",
      "version": "1.0.0",
      "license": "ISC",
      "devDependencies": {
        "jsdoc": "^4.0.0"
      },
      "peerDependencies": {
        "jsdoc": ">=4.0.0"
      }
    },
    "../knip-config": {
      "name": "@sebastienrousseau/knip-config",
      "version": "1.0.0",
      "license": "ISC",
      "devDependencies": {
        "knip": "^5.0.0"
      },
      "peerDependencies": {
        "knip": ">=5.0.0"
      }
    },
    "../markdownlint-config": {
      "name": "@sebastienrousseau/markdownlint-config",
      "version": "1.0.0",
      "license": "ISC",
      "devDependencies": {
        "markdownlint": "^0.34.0"
      },
      "peerDependencies": {
        "markdownlint": ">=0.25.0"
      }
    },
    "../mocha-config": {
      "name": "@sebastienrousseau/mocha-config",
      "version": "1.0.0",
      "license": "ISC",
      "devDependencies": {
        "mocha": "^10.4.0"
      },
      "peerDependencies": {
        "mocha": ">=10.0.0"
      }
    },
    "../prettier-config": {
      "name": "@sebastienrousseau/prettier-config",
      "version": "1.0.0",
      "license": "ISC",
      "devDependencies": {
        "prettier": "^3.2.0"
      },
      "peerDependencies": {
        "prettier": ">=3.0.0"
      }
    },
    "../remark-config": {
      "name": "@sebastienrousseau/remark-config",
      "version": "1.0.0",
      "license": "ISC",
      "devDependencies": {
        "remark-cli": "^12.0.0",
        "remark-gfm": "^4.0.0",
        "remark-preset-lint-consistent": "^6.0.0",
        "remark-preset-lint-markdown-style-guide": "^6.0.0",
        "remark-preset-lint-recommended": "^7.0.0"
      },
      "peerDependencies": {
        "remark-cli": ">=10.0.0"
      }
    },
    "../semantic-release-config": {
      "name": "@sebastienrousseau/semantic-release-config",
      "version": "1.0.0",
      "license": "ISC",
      "devDependencies": {
        "semantic-release": "^23.0.0"
      },
      "peerDependencies": {
        "semantic-release": ">=23.0.0"
      }
    },
    "../stylelint-config": {
      "name": "@sebastienrousseau/stylelint-config",
      "version": "1.0.0",
      "license": "ISC",
      "devDependencies": {
        "stylelint": "^16.0.0",
        "stylelint-config-standard": "^36.0.0"
      },
      "peerDependencies": {
        "stylelint": ">=16.0.0"
      }
    },
    "../tsconfig-config": {
      "name": "@sebastienrousseau/tsconfig-config",
      "version": "1.0.0",
      "license": "ISC",
      "devDependencies": {
        "typescript": "^5.4.0"
      },
      "peerDependencies": {
        "typescript": ">=5.0.0"
      }
    },
    "../vitest-config": {
      "name": "@sebastienrousseau/vitest-config",
      "version": "1.0.0",
      "license": "ISC",
      "devDependencies": {
        "vitest": "^1.5.0"
      },
      "peerDependencies": {
        "vitest": ">=1.0.0"
      }
    },
    "node_modules/@sebastienrousseau/browserslist-config": {
      "resolved": "../browserslist-config",
      "link": true
    },
    "node_modules/@sebastienrousseau/c8-config": {
      "resolved": "../c8-config",
      "link": true
    },
    "node_modules/@sebastienrousseau/commitlint-config": {
      "resolved": "../commitlint-config",
      "link": true
    },
    "node_modules/@sebastienrousseau/eslint-config": {
      "resolved": "../eslint-config",
      "link": true
    },
    "node_modules/@sebastienrousseau/jsdoc-config": {
      "resolved": "../jsdoc-config",
      "link": true
    },
    "node_modules/@sebastienrousseau/knip-config": {
      "resolved": "../knip-config",
      "link": true
    },
    "node_modules/@sebastienrousseau/markdownlint-config": {
      "resolved": "../markdownlint-config",
      "link": true
    },
    "node_modules/@sebastienrousseau/mocha-config": {
      "resolved": "../mocha-config",
      "link": true
    },
    "node_modules/@sebastienrousseau/prettier-config": {
      "resolved": "../prettier-config",
      "link": true
    },
    "node_modules/@sebastienrousseau/remark-config": {
      "resolved": "../remark-config",
      "link": true
    },
    "node_modules/@sebastienrousseau/semantic-release-config": {
      "resolved": "../semantic-release-config",
      "link": true
    },
    "node_modules/@sebastienrousseau/stylelint-config": {
      "resolved": "../stylelint-config",
      "link": true
    },
    "node_modules/@sebastienrousseau/tsconfig-config": {
      "resolved": "../tsconfig-config",
      "link": true
    },
    "node_modules/@sebastienrousseau/vitest-config": {
      "resolved": "../vitest-config",
      "link": true
    }
  }
}
